
Microsoft Visual Studio Solution File, Format Version 12.00
# Visual Studio Version 17
VisualStudioVersion = 17.11.35303.130
MinimumVisualStudioVersion = 10.0.40219.1
Project("{FAE04EC0-301F-11D3-BF4B-00C04F79EFBC}") = "atmProject_dependency", "atmProject_dependency.csproj", "{65382573-0B10-4675-B442-A2B4CCCB2729}"
EndProject
Global
	GlobalSection(SolutionConfigurationPlatforms) = preSolution
		Debug|Any CPU = Debug|Any CPU
		Release|Any CPU = Release|Any CPU
	EndGlobalSection
	GlobalSection(ProjectConfigurationPlatforms) = postSolution
		{65382573-0B10-4675-B442-A2B4CCCB2729}.Debug|Any CPU.ActiveCfg = Debug|Any CPU
		{65382573-0B10-4675-B442-A2B4CCCB2729}.Debug|Any CPU.Build.0 = Debug|Any CPU
		{65382573-0B10-4675-B442-A2B4CCCB2729}.Release|Any CPU.ActiveCfg = Release|Any CPU
		{65382573-0B10-4675-B442-A2B4CCCB2729}.Release|Any CPU.Build.0 = Release|Any CPU
	EndGlobalSection
	GlobalSection(SolutionProperties) = preSolution
		HideSolutionNode = FALSE
	EndGlobalSection
	GlobalSection(ExtensibilityGlobals) = postSolution
		SolutionGuid = {D4F0B299-5C86-419B-93B1-5E0C5BF5F93C}
	EndGlobalSection
EndGlobal
