
Microsoft Visual Studio Solution File, Format Version 12.00
# Visual Studio Version 17
VisualStudioVersion = 17.11.35303.130
MinimumVisualStudioVersion = 10.0.40219.1
Project("{FAE04EC0-301F-11D3-BF4B-00C04F79EFBC}") = "commerceApp_SOLID", "commerceApp_SOLID.csproj", "{61AA103F-A3F3-481A-8F35-AC23B4CA0367}"
EndProject
Global
	GlobalSection(SolutionConfigurationPlatforms) = preSolution
		Debug|Any CPU = Debug|Any CPU
		Release|Any CPU = Release|Any CPU
	EndGlobalSection
	GlobalSection(ProjectConfigurationPlatforms) = postSolution
		{61AA103F-A3F3-481A-8F35-AC23B4CA0367}.Debug|Any CPU.ActiveCfg = Debug|Any CPU
		{61AA103F-A3F3-481A-8F35-AC23B4CA0367}.Debug|Any CPU.Build.0 = Debug|Any CPU
		{61AA103F-A3F3-481A-8F35-AC23B4CA0367}.Release|Any CPU.ActiveCfg = Release|Any CPU
		{61AA103F-A3F3-481A-8F35-AC23B4CA0367}.Release|Any CPU.Build.0 = Release|Any CPU
	EndGlobalSection
	GlobalSection(SolutionProperties) = preSolution
		HideSolutionNode = FALSE
	EndGlobalSection
	GlobalSection(ExtensibilityGlobals) = postSolution
		SolutionGuid = {E3ABBBD5-4CFB-43FD-9038-B26DF960DBD5}
	EndGlobalSection
EndGlobal
